
Microsoft Visual Studio Solution File, Format Version 12.00
# Visual Studio Version 16
VisualStudioVersion = 16.0.29009.5
MinimumVisualStudioVersion = 10.0.40219.1
Project("{8BC9CEB8-8B4A-11D0-8D11-00A0C91BC942}") = "做错座位", "做错座位.vcxproj", "{3AC476AF-15CA-441B-869E-129CE8490B10}"
EndProject
Global
	GlobalSection(SolutionConfigurationPlatforms) = preSolution
		Debug|x64 = Debug|x64
		Debug|x86 = Debug|x86
		Release|x64 = Release|x64
		Release|x86 = Release|x86
	EndGlobalSection
	GlobalSection(ProjectConfigurationPlatforms) = postSolution
		{3AC476AF-15CA-441B-869E-129CE8490B10}.Debug|x64.ActiveCfg = Debug|x64
		{3AC476AF-15CA-441B-869E-129CE8490B10}.Debug|x64.Build.0 = Debug|x64
		{3AC476AF-15CA-441B-869E-129CE8490B10}.Debug|x86.ActiveCfg = Debug|Win32
		{3AC476AF-15CA-441B-869E-129CE8490B10}.Debug|x86.Build.0 = Debug|Win32
		{3AC476AF-15CA-441B-869E-129CE8490B10}.Release|x64.ActiveCfg = Release|x64
		{3AC476AF-15CA-441B-869E-129CE8490B10}.Release|x64.Build.0 = Release|x64
		{3AC476AF-15CA-441B-869E-129CE8490B10}.Release|x86.ActiveCfg = Release|Win32
		{3AC476AF-15CA-441B-869E-129CE8490B10}.Release|x86.Build.0 = Release|Win32
	EndGlobalSection
	GlobalSection(SolutionProperties) = preSolution
		HideSolutionNode = FALSE
	EndGlobalSection
	GlobalSection(ExtensibilityGlobals) = postSolution
		SolutionGuid = {9E0778C7-AFBD-4A11-800A-3F8281E694C0}
	EndGlobalSection
EndGlobal
