
Microsoft Visual Studio Solution File, Format Version 12.00
# Visual Studio Version 16
VisualStudioVersion = 16.0.28803.352
MinimumVisualStudioVersion = 10.0.40219.1
Project("{8BC9CEB8-8B4A-11D0-8D11-00A0C91BC942}") = "沙雕备忘录", "沙雕备忘录.vcxproj", "{714B8D36-04A0-4265-981E-26B4C3D8AF44}"
EndProject
Global
	GlobalSection(SolutionConfigurationPlatforms) = preSolution
		Debug|x64 = Debug|x64
		Debug|x86 = Debug|x86
		Release|x64 = Release|x64
		Release|x86 = Release|x86
	EndGlobalSection
	GlobalSection(ProjectConfigurationPlatforms) = postSolution
		{714B8D36-04A0-4265-981E-26B4C3D8AF44}.Debug|x64.ActiveCfg = Debug|x64
		{714B8D36-04A0-4265-981E-26B4C3D8AF44}.Debug|x64.Build.0 = Debug|x64
		{714B8D36-04A0-4265-981E-26B4C3D8AF44}.Debug|x86.ActiveCfg = Debug|Win32
		{714B8D36-04A0-4265-981E-26B4C3D8AF44}.Debug|x86.Build.0 = Debug|Win32
		{714B8D36-04A0-4265-981E-26B4C3D8AF44}.Release|x64.ActiveCfg = Release|x64
		{714B8D36-04A0-4265-981E-26B4C3D8AF44}.Release|x64.Build.0 = Release|x64
		{714B8D36-04A0-4265-981E-26B4C3D8AF44}.Release|x86.ActiveCfg = Release|Win32
		{714B8D36-04A0-4265-981E-26B4C3D8AF44}.Release|x86.Build.0 = Release|Win32
	EndGlobalSection
	GlobalSection(SolutionProperties) = preSolution
		HideSolutionNode = FALSE
	EndGlobalSection
	GlobalSection(ExtensibilityGlobals) = postSolution
		SolutionGuid = {49B04C3E-D35C-4BC3-AEF6-9A2E310DBF07}
	EndGlobalSection
EndGlobal
