
Microsoft Visual Studio Solution File, Format Version 12.00
# Visual Studio Version 16
VisualStudioVersion = 16.0.28803.352
MinimumVisualStudioVersion = 10.0.40219.1
Project("{8BC9CEB8-8B4A-11D0-8D11-00A0C91BC942}") = "牛客", "牛客.vcxproj", "{C69969BD-F514-47EF-BF7C-25676D8EB614}"
EndProject
Global
	GlobalSection(SolutionConfigurationPlatforms) = preSolution
		Debug|x64 = Debug|x64
		Debug|x86 = Debug|x86
		Release|x64 = Release|x64
		Release|x86 = Release|x86
	EndGlobalSection
	GlobalSection(ProjectConfigurationPlatforms) = postSolution
		{C69969BD-F514-47EF-BF7C-25676D8EB614}.Debug|x64.ActiveCfg = Debug|x64
		{C69969BD-F514-47EF-BF7C-25676D8EB614}.Debug|x64.Build.0 = Debug|x64
		{C69969BD-F514-47EF-BF7C-25676D8EB614}.Debug|x86.ActiveCfg = Debug|Win32
		{C69969BD-F514-47EF-BF7C-25676D8EB614}.Debug|x86.Build.0 = Debug|Win32
		{C69969BD-F514-47EF-BF7C-25676D8EB614}.Release|x64.ActiveCfg = Release|x64
		{C69969BD-F514-47EF-BF7C-25676D8EB614}.Release|x64.Build.0 = Release|x64
		{C69969BD-F514-47EF-BF7C-25676D8EB614}.Release|x86.ActiveCfg = Release|Win32
		{C69969BD-F514-47EF-BF7C-25676D8EB614}.Release|x86.Build.0 = Release|Win32
	EndGlobalSection
	GlobalSection(SolutionProperties) = preSolution
		HideSolutionNode = FALSE
	EndGlobalSection
	GlobalSection(ExtensibilityGlobals) = postSolution
		SolutionGuid = {9A05DEE9-3F69-4DC5-957B-C03BBF23F0F3}
	EndGlobalSection
EndGlobal
