
Microsoft Visual Studio Solution File, Format Version 12.00
# Visual Studio 2013
VisualStudioVersion = 12.0.21005.1
MinimumVisualStudioVersion = 10.0.40219.1
Project("{8BC9CEB8-8B4A-11D0-8D11-00A0C91BC942}") = "4-14", "4-14\4-14.vcxproj", "{B1FF18E7-79AE-4518-828A-8799B5B69DBD}"
EndProject
Global
	GlobalSection(SolutionConfigurationPlatforms) = preSolution
		Debug|Win32 = Debug|Win32
		Release|Win32 = Release|Win32
	EndGlobalSection
	GlobalSection(ProjectConfigurationPlatforms) = postSolution
		{B1FF18E7-79AE-4518-828A-8799B5B69DBD}.Debug|Win32.ActiveCfg = Debug|Win32
		{B1FF18E7-79AE-4518-828A-8799B5B69DBD}.Debug|Win32.Build.0 = Debug|Win32
		{B1FF18E7-79AE-4518-828A-8799B5B69DBD}.Release|Win32.ActiveCfg = Release|Win32
		{B1FF18E7-79AE-4518-828A-8799B5B69DBD}.Release|Win32.Build.0 = Release|Win32
	EndGlobalSection
	GlobalSection(SolutionProperties) = preSolution
		HideSolutionNode = FALSE
	EndGlobalSection
EndGlobal
